{
  "version": 4,
  "terraform_version": "1.1.9",
  "serial": 1,
  "lineage": "379347b4-72be-11cf-13d0-70372f0bab56",
  "outputs": {},
  "resources": [
    {
      "mode": "managed",
      "type": "local_file",
      "name": "more-things-to-do",
      "provider": "provider[\"registry.terraform.io/hashicorp/local\"]",
      "instances": [
        {
          "schema_version": 0,
          "attributes": {
            "content": "Learn how to play Astronomia on the guitar!",
            "content_base64": null,
            "directory_permission": "0777",
            "file_permission": "0777",
            "filename": "/c/Users/saros/Documents/terraform-scripts/AHURA/more-things-to-do.txt",
            "id": "85e6ec1cf7be591e68345cbaf27a4529a4f25eb0",
            "sensitive_content": null,
            "source": null
          },
          "sensitive_attributes": [],
          "private": "bnVsbA=="
        }
      ]
    },
    {
      "mode": "managed",
      "type": "local_file",
      "name": "things-to-do",
      "provider": "provider[\"registry.terraform.io/hashicorp/local\"]",
      "instances": [
        {
          "schema_version": 0,
          "attributes": {
            "content": "Clean my room before Christmas\nComplete the CKA Certification!",
            "content_base64": null,
            "directory_permission": "0777",
            "file_permission": "0777",
            "filename": "/c/Users/saros/Documents/terraform-scripts/AHURA/things-to-do.txt",
            "id": "57de5ed15ca8120dba3bd950bad6d5e55b97f635",
            "sensitive_content": null,
            "source": null
          },
          "sensitive_attributes": [],
          "private": "bnVsbA=="
        }
      ]
    }
  ]
}
